
Microsoft Visual Studio Solution File, Format Version 12.00
# Visual Studio Version 17
VisualStudioVersion = 17.3.32929.385
MinimumVisualStudioVersion = 10.0.40219.1
Project("{9A19103F-16F7-4668-BE54-9A1E7A4F7556}") = "EzxApplicationSettings", "Ezx.ApplicationSettings\EzxApplicationSettings.csproj", "{862226C1-55C2-435E-835A-AE26FCCD24FB}"
EndProject
Project("{FAE04EC0-301F-11D3-BF4B-00C04F79EFBC}") = "AppSettingWrapper", "AppSettingWrapper\AppSettingWrapper.csproj", "{F1286005-604F-4653-87A2-86148E460076}"
EndProject
Global
	GlobalSection(SolutionConfigurationPlatforms) = preSolution
		Debug|Any CPU = Debug|Any CPU
		Release|Any CPU = Release|Any CPU
	EndGlobalSection
	GlobalSection(ProjectConfigurationPlatforms) = postSolution
		{862226C1-55C2-435E-835A-AE26FCCD24FB}.Debug|Any CPU.ActiveCfg = Debug|Any CPU
		{862226C1-55C2-435E-835A-AE26FCCD24FB}.Debug|Any CPU.Build.0 = Debug|Any CPU
		{862226C1-55C2-435E-835A-AE26FCCD24FB}.Release|Any CPU.ActiveCfg = Release|Any CPU
		{862226C1-55C2-435E-835A-AE26FCCD24FB}.Release|Any CPU.Build.0 = Release|Any CPU
		{F1286005-604F-4653-87A2-86148E460076}.Debug|Any CPU.ActiveCfg = Debug|Any CPU
		{F1286005-604F-4653-87A2-86148E460076}.Debug|Any CPU.Build.0 = Debug|Any CPU
		{F1286005-604F-4653-87A2-86148E460076}.Release|Any CPU.ActiveCfg = Release|Any CPU
		{F1286005-604F-4653-87A2-86148E460076}.Release|Any CPU.Build.0 = Release|Any CPU
	EndGlobalSection
	GlobalSection(SolutionProperties) = preSolution
		HideSolutionNode = FALSE
	EndGlobalSection
	GlobalSection(ExtensibilityGlobals) = postSolution
		SolutionGuid = {D612C4EB-6F13-4594-9C5C-7D08D8D272C5}
	EndGlobalSection
EndGlobal
